
Microsoft Visual Studio Solution File, Format Version 12.00
# Visual Studio Version 16
VisualStudioVersion = 16.0.29728.190
MinimumVisualStudioVersion = 10.0.40219.1
Project("{9A19103F-16F7-4668-BE54-9A1E7A4F7556}") = "GeemuBoy", "GeemuBoy\GeemuBoy.csproj", "{8B0F3739-0138-494F-820C-1925BB8722A3}"
EndProject
Project("{9A19103F-16F7-4668-BE54-9A1E7A4F7556}") = "GeemuBoyTests", "GeemuBoyTests\GeemuBoyTests.csproj", "{F5A6A974-744B-48B6-8C1D-16F4F9EE8880}"
EndProject
Project("{2150E333-8FDC-42A3-9474-1A3956D46DE8}") = "Solution Items", "Solution Items", "{A032E5A2-5DC1-4AC9-9796-AB72E5104257}"
	ProjectSection(SolutionItems) = preProject
		.travis.yml = .travis.yml
		README.md = README.md
	EndProjectSection
EndProject
Project("{9A19103F-16F7-4668-BE54-9A1E7A4F7556}") = "GeemuBoyRomTests", "GeemuBoyRomTests\GeemuBoyRomTests.csproj", "{41A0E5B9-DA2A-495F-BDAB-F7BB3E230BDE}"
EndProject
Global
	GlobalSection(SolutionConfigurationPlatforms) = preSolution
		Debug|Any CPU = Debug|Any CPU
		Release|Any CPU = Release|Any CPU
	EndGlobalSection
	GlobalSection(ProjectConfigurationPlatforms) = postSolution
		{8B0F3739-0138-494F-820C-1925BB8722A3}.Debug|Any CPU.ActiveCfg = Debug|Any CPU
		{8B0F3739-0138-494F-820C-1925BB8722A3}.Debug|Any CPU.Build.0 = Debug|Any CPU
		{8B0F3739-0138-494F-820C-1925BB8722A3}.Release|Any CPU.ActiveCfg = Release|Any CPU
		{8B0F3739-0138-494F-820C-1925BB8722A3}.Release|Any CPU.Build.0 = Release|Any CPU
		{F5A6A974-744B-48B6-8C1D-16F4F9EE8880}.Debug|Any CPU.ActiveCfg = Debug|Any CPU
		{F5A6A974-744B-48B6-8C1D-16F4F9EE8880}.Debug|Any CPU.Build.0 = Debug|Any CPU
		{F5A6A974-744B-48B6-8C1D-16F4F9EE8880}.Release|Any CPU.ActiveCfg = Release|Any CPU
		{F5A6A974-744B-48B6-8C1D-16F4F9EE8880}.Release|Any CPU.Build.0 = Release|Any CPU
		{41A0E5B9-DA2A-495F-BDAB-F7BB3E230BDE}.Debug|Any CPU.ActiveCfg = Debug|Any CPU
		{41A0E5B9-DA2A-495F-BDAB-F7BB3E230BDE}.Debug|Any CPU.Build.0 = Debug|Any CPU
		{41A0E5B9-DA2A-495F-BDAB-F7BB3E230BDE}.Release|Any CPU.ActiveCfg = Release|Any CPU
		{41A0E5B9-DA2A-495F-BDAB-F7BB3E230BDE}.Release|Any CPU.Build.0 = Release|Any CPU
	EndGlobalSection
	GlobalSection(SolutionProperties) = preSolution
		HideSolutionNode = FALSE
	EndGlobalSection
	GlobalSection(ExtensibilityGlobals) = postSolution
		SolutionGuid = {93E4185C-983D-473A-89C7-725E5C0DA3E5}
	EndGlobalSection
EndGlobal
